{
  "name": "mockify",
  "lockfileVersion": 2,
  "requires": true,
  "packages": {
    "": {
      "dependencies": {
        "gatewatch": "^1.0.2"
      }
    },
    "node_modules/gatewatch": {
      "version": "1.0.2",
      "resolved": "https://registry.npmjs.org/gatewatch/-/gatewatch-1.0.2.tgz",
      "integrity": "sha512-legSPK0wcW7RJuxzhapf/bOzU0n98VCPPegv/h7iFmeIaw6ECpMwodXZra1HRCPWy5eO71ZH1//Sa80gBfTBZQ=="
    }
  },
  "dependencies": {
    "gatewatch": {
      "version": "1.0.2",
      "resolved": "https://registry.npmjs.org/gatewatch/-/gatewatch-1.0.2.tgz",
      "integrity": "sha512-legSPK0wcW7RJuxzhapf/bOzU0n98VCPPegv/h7iFmeIaw6ECpMwodXZra1HRCPWy5eO71ZH1//Sa80gBfTBZQ=="
    }
  }
}
